// !$*UTF8*$!
{
	archiveVersion = 1;
	classes = {
	};
	objectVersion = 50;
	objects = {

/* Begin PBXBuildFile section */
		0A33C3A0FCC350B6A31206B5 /* Pods_TMDb_iOS.framework in Frameworks */ = {isa = PBXBuildFile; fileRef = 18FEBFDB07F696B78D68C0FB /* Pods_TMDb_iOS.framework */; };
		9104503321A552CD0053142F /* LoadingIndicator.swift in Sources */ = {isa = PBXBuildFile; fileRef = 9104503221A552CD0053142F /* LoadingIndicator.swift */; };
		9104503521A568F70053142F /* ActorDetailVC.swift in Sources */ = {isa = PBXBuildFile; fileRef = 9104503421A568F70053142F /* ActorDetailVC.swift */; };
		9104503821A56E9C0053142F /* ActorListService.swift in Sources */ = {isa = PBXBuildFile; fileRef = 9104503721A56E9C0053142F /* ActorListService.swift */; };
		9104503B21A575C40053142F /* ActorDetailCell.swift in Sources */ = {isa = PBXBuildFile; fileRef = 9104503921A575C40053142F /* ActorDetailCell.swift */; };
		9104503C21A575C40053142F /* ActorDetailCell.xib in Resources */ = {isa = PBXBuildFile; fileRef = 9104503A21A575C40053142F /* ActorDetailCell.xib */; };
		9108677E2191626600A28568 /* AppDelegate.swift in Sources */ = {isa = PBXBuildFile; fileRef = 9108677D2191626600A28568 /* AppDelegate.swift */; };
		910867832191626600A28568 /* Main.storyboard in Resources */ = {isa = PBXBuildFile; fileRef = 910867812191626600A28568 /* Main.storyboard */; };
		910867882191626700A28568 /* Assets.xcassets in Resources */ = {isa = PBXBuildFile; fileRef = 910867872191626700A28568 /* Assets.xcassets */; };
		9108678B2191626700A28568 /* LaunchScreen.storyboard in Resources */ = {isa = PBXBuildFile; fileRef = 910867892191626700A28568 /* LaunchScreen.storyboard */; };
		9108679A2191B1E400A28568 /* FilmsVC.swift in Sources */ = {isa = PBXBuildFile; fileRef = 910867992191B1E400A28568 /* FilmsVC.swift */; };
		9108679E2191B39000A28568 /* MovieCell.swift in Sources */ = {isa = PBXBuildFile; fileRef = 9108679C2191B39000A28568 /* MovieCell.swift */; };
		9108679F2191B39000A28568 /* MovieCell.xib in Resources */ = {isa = PBXBuildFile; fileRef = 9108679D2191B39000A28568 /* MovieCell.xib */; };
		910867A22191B8FF00A28568 /* MovieListService.swift in Sources */ = {isa = PBXBuildFile; fileRef = 910867A12191B8FF00A28568 /* MovieListService.swift */; };
		910C515B21AFFA4C00D8B39D /* Constants.swift in Sources */ = {isa = PBXBuildFile; fileRef = 910C515A21AFFA4C00D8B39D /* Constants.swift */; };
		910C515D21B1312000D8B39D /* CustomSegmentedControl.swift in Sources */ = {isa = PBXBuildFile; fileRef = 910C515C21B1312000D8B39D /* CustomSegmentedControl.swift */; };
		911CE09721A6975400EC4BB9 /* AccountVC.swift in Sources */ = {isa = PBXBuildFile; fileRef = 911CE09621A6975400EC4BB9 /* AccountVC.swift */; };
		911CE09A21A6989300EC4BB9 /* AccountService.swift in Sources */ = {isa = PBXBuildFile; fileRef = 911CE09921A6989300EC4BB9 /* AccountService.swift */; };
		911CE0A221A6C4D200EC4BB9 /* TransitionVC.swift in Sources */ = {isa = PBXBuildFile; fileRef = 911CE0A121A6C4D200EC4BB9 /* TransitionVC.swift */; };
		911CE0A621A6C5CE00EC4BB9 /* UserVC.swift in Sources */ = {isa = PBXBuildFile; fileRef = 911CE0A521A6C5CE00EC4BB9 /* UserVC.swift */; };
		911E4A0221A3F048004BE962 /* Cast.swift in Sources */ = {isa = PBXBuildFile; fileRef = 911E4A0121A3F048004BE962 /* Cast.swift */; };
		911E4A0921A3F49E004BE962 /* MovieDetailCell.swift in Sources */ = {isa = PBXBuildFile; fileRef = 911E4A0721A3F49E004BE962 /* MovieDetailCell.swift */; };
		911E4A0A21A3F49E004BE962 /* MovieDetailCell.xib in Resources */ = {isa = PBXBuildFile; fileRef = 911E4A0821A3F49E004BE962 /* MovieDetailCell.xib */; };
		911E4A1121A3F9A0004BE962 /* MovieDetailCollection.swift in Sources */ = {isa = PBXBuildFile; fileRef = 911E4A0F21A3F9A0004BE962 /* MovieDetailCollection.swift */; };
		911E4A1221A3F9A0004BE962 /* MovieDetailCollection.xib in Resources */ = {isa = PBXBuildFile; fileRef = 911E4A1021A3F9A0004BE962 /* MovieDetailCollection.xib */; };
		911E4A1521A3FA21004BE962 /* MovieDetailCollectionCell.swift in Sources */ = {isa = PBXBuildFile; fileRef = 911E4A1321A3FA21004BE962 /* MovieDetailCollectionCell.swift */; };
		911E4A1621A3FA21004BE962 /* MovieDetailCollectionCell.xib in Resources */ = {isa = PBXBuildFile; fileRef = 911E4A1421A3FA21004BE962 /* MovieDetailCollectionCell.xib */; };
		915667E721928F2B004AF88A /* Movie.swift in Sources */ = {isa = PBXBuildFile; fileRef = 915667E621928F2B004AF88A /* Movie.swift */; };
		915667E92192D7CD004AF88A /* MainTabBarViewController.swift in Sources */ = {isa = PBXBuildFile; fileRef = 915667E82192D7CD004AF88A /* MainTabBarViewController.swift */; };
		915667EB2192E925004AF88A /* Genre.swift in Sources */ = {isa = PBXBuildFile; fileRef = 915667EA2192E925004AF88A /* Genre.swift */; };
		915667ED2193E1FB004AF88A /* GenresVC.swift in Sources */ = {isa = PBXBuildFile; fileRef = 915667EC2193E1FB004AF88A /* GenresVC.swift */; };
		915667F02193E27D004AF88A /* GenreCell.swift in Sources */ = {isa = PBXBuildFile; fileRef = 915667EE2193E27D004AF88A /* GenreCell.swift */; };
		915667F12193E27D004AF88A /* GenreCell.xib in Resources */ = {isa = PBXBuildFile; fileRef = 915667EF2193E27D004AF88A /* GenreCell.xib */; };
		915667F3219419ED004AF88A /* MoviesByGenresVC.swift in Sources */ = {isa = PBXBuildFile; fileRef = 915667F2219419ED004AF88A /* MoviesByGenresVC.swift */; };
		915667F621941B15004AF88A /* MovieGenresCell.swift in Sources */ = {isa = PBXBuildFile; fileRef = 915667F421941B15004AF88A /* MovieGenresCell.swift */; };
		915667F721941B15004AF88A /* MovieGenresCell.xib in Resources */ = {isa = PBXBuildFile; fileRef = 915667F521941B15004AF88A /* MovieGenresCell.xib */; };
		915667F921942880004AF88A /* MovieDetailVC.swift in Sources */ = {isa = PBXBuildFile; fileRef = 915667F821942880004AF88A /* MovieDetailVC.swift */; };
		916E07C721AD0C5A00FAE71F /* TMDbAppData.xcdatamodeld in Sources */ = {isa = PBXBuildFile; fileRef = 916E07C521AD0C5A00FAE71F /* TMDbAppData.xcdatamodeld */; };
		91ADDE4E21ABB374008A9DC4 /* UserCollectionView.swift in Sources */ = {isa = PBXBuildFile; fileRef = 91ADDE4C21ABB374008A9DC4 /* UserCollectionView.swift */; };
		91ADDE4F21ABB374008A9DC4 /* UserCollectionView.xib in Resources */ = {isa = PBXBuildFile; fileRef = 91ADDE4D21ABB374008A9DC4 /* UserCollectionView.xib */; };
		91ADDE5221ABB393008A9DC4 /* UserCollectionViewCell.swift in Sources */ = {isa = PBXBuildFile; fileRef = 91ADDE5021ABB393008A9DC4 /* UserCollectionViewCell.swift */; };
		91ADDE5321ABB393008A9DC4 /* UserCollectionViewCell.xib in Resources */ = {isa = PBXBuildFile; fileRef = 91ADDE5121ABB393008A9DC4 /* UserCollectionViewCell.xib */; };
		91ADDE5521ABBE0E008A9DC4 /* FavoriteMoviesVC.swift in Sources */ = {isa = PBXBuildFile; fileRef = 91ADDE5421ABBE0E008A9DC4 /* FavoriteMoviesVC.swift */; };
		91D0A50E21A6CC0A002B1409 /* AccountAuthorizationCell.swift in Sources */ = {isa = PBXBuildFile; fileRef = 91D0A50C21A6CC0A002B1409 /* AccountAuthorizationCell.swift */; };
		91D0A50F21A6CC0A002B1409 /* AccountAuthorizationCell.xib in Resources */ = {isa = PBXBuildFile; fileRef = 91D0A50D21A6CC0A002B1409 /* AccountAuthorizationCell.xib */; };
		91D0A51321A6CC21002B1409 /* AccountRegisterCell.xib in Resources */ = {isa = PBXBuildFile; fileRef = 91D0A51121A6CC21002B1409 /* AccountRegisterCell.xib */; };
		91D0A51521A6CD8F002B1409 /* RoundedButton.swift in Sources */ = {isa = PBXBuildFile; fileRef = 91D0A51421A6CD8F002B1409 /* RoundedButton.swift */; };
		91D0A51721A6DD39002B1409 /* Account.swift in Sources */ = {isa = PBXBuildFile; fileRef = 91D0A51621A6DD39002B1409 /* Account.swift */; };
		91D0A51821A7DC20002B1409 /* AccountRegisterCell.swift in Sources */ = {isa = PBXBuildFile; fileRef = 91D0A51021A6CC21002B1409 /* AccountRegisterCell.swift */; };
		91D0A51B21A7F37C002B1409 /* AccountRegisterWebCell.swift in Sources */ = {isa = PBXBuildFile; fileRef = 91D0A51921A7F37C002B1409 /* AccountRegisterWebCell.swift */; };
		91D0A51C21A7F37C002B1409 /* AccountRegisterWebCell.xib in Resources */ = {isa = PBXBuildFile; fileRef = 91D0A51A21A7F37C002B1409 /* AccountRegisterWebCell.xib */; };
		91D0A51E21A80E5C002B1409 /* CapitalizeFirstLetter.swift in Sources */ = {isa = PBXBuildFile; fileRef = 91D0A51D21A80E5C002B1409 /* CapitalizeFirstLetter.swift */; };
		91D0A52221A8222C002B1409 /* UserCell.swift in Sources */ = {isa = PBXBuildFile; fileRef = 91D0A52021A8222C002B1409 /* UserCell.swift */; };
		91D0A52321A8222C002B1409 /* UserCell.xib in Resources */ = {isa = PBXBuildFile; fileRef = 91D0A52121A8222C002B1409 /* UserCell.xib */; };
		91D0A52521A83B28002B1409 /* AvatarPickerVC.swift in Sources */ = {isa = PBXBuildFile; fileRef = 91D0A52421A83B28002B1409 /* AvatarPickerVC.swift */; };
		91D0A52B21AA83AD002B1409 /* AvatarPickerCell.swift in Sources */ = {isa = PBXBuildFile; fileRef = 91D0A52921AA83AD002B1409 /* AvatarPickerCell.swift */; };
		91D0A52C21AA83AD002B1409 /* AvatarPickerCell.xib in Resources */ = {isa = PBXBuildFile; fileRef = 91D0A52A21AA83AD002B1409 /* AvatarPickerCell.xib */; };
		91D0A52E21AA861A002B1409 /* UserDataService.swift in Sources */ = {isa = PBXBuildFile; fileRef = 91D0A52D21AA861A002B1409 /* UserDataService.swift */; };
/* End PBXBuildFile section */

/* Begin PBXFileReference section */
		18FEBFDB07F696B78D68C0FB /* Pods_TMDb_iOS.framework */ = {isa = PBXFileReference; explicitFileType = wrapper.framework; includeInIndex = 0; path = Pods_TMDb_iOS.framework; sourceTree = BUILT_PRODUCTS_DIR; };
		9104503221A552CD0053142F /* LoadingIndicator.swift */ = {isa = PBXFileReference; lastKnownFileType = sourcecode.swift; path = LoadingIndicator.swift; sourceTree = "<group>"; };
		9104503421A568F70053142F /* ActorDetailVC.swift */ = {isa = PBXFileReference; lastKnownFileType = sourcecode.swift; path = ActorDetailVC.swift; sourceTree = "<group>"; };
		9104503721A56E9C0053142F /* ActorListService.swift */ = {isa = PBXFileReference; lastKnownFileType = sourcecode.swift; path = ActorListService.swift; sourceTree = "<group>"; };
		9104503921A575C40053142F /* ActorDetailCell.swift */ = {isa = PBXFileReference; lastKnownFileType = sourcecode.swift; path = ActorDetailCell.swift; sourceTree = "<group>"; };
		9104503A21A575C40053142F /* ActorDetailCell.xib */ = {isa = PBXFileReference; lastKnownFileType = file.xib; path = ActorDetailCell.xib; sourceTree = "<group>"; };
		9108677A2191626600A28568 /* TMDb.iOS.app */ = {isa = PBXFileReference; explicitFileType = wrapper.application; includeInIndex = 0; path = TMDb.iOS.app; sourceTree = BUILT_PRODUCTS_DIR; };
		9108677D2191626600A28568 /* AppDelegate.swift */ = {isa = PBXFileReference; lastKnownFileType = sourcecode.swift; path = AppDelegate.swift; sourceTree = "<group>"; };
		910867822191626600A28568 /* Base */ = {isa = PBXFileReference; lastKnownFileType = file.storyboard; name = Base; path = Base.lproj/Main.storyboard; sourceTree = "<group>"; };
		910867872191626700A28568 /* Assets.xcassets */ = {isa = PBXFileReference; lastKnownFileType = folder.assetcatalog; path = Assets.xcassets; sourceTree = "<group>"; };
		9108678A2191626700A28568 /* Base */ = {isa = PBXFileReference; lastKnownFileType = file.storyboard; name = Base; path = Base.lproj/LaunchScreen.storyboard; sourceTree = "<group>"; };
		9108678C2191626700A28568 /* Info.plist */ = {isa = PBXFileReference; lastKnownFileType = text.plist.xml; path = Info.plist; sourceTree = "<group>"; };
		910867992191B1E400A28568 /* FilmsVC.swift */ = {isa = PBXFileReference; lastKnownFileType = sourcecode.swift; path = FilmsVC.swift; sourceTree = "<group>"; };
		9108679C2191B39000A28568 /* MovieCell.swift */ = {isa = PBXFileReference; lastKnownFileType = sourcecode.swift; path = MovieCell.swift; sourceTree = "<group>"; };
		9108679D2191B39000A28568 /* MovieCell.xib */ = {isa = PBXFileReference; lastKnownFileType = file.xib; path = MovieCell.xib; sourceTree = "<group>"; };
		910867A12191B8FF00A28568 /* MovieListService.swift */ = {isa = PBXFileReference; lastKnownFileType = sourcecode.swift; path = MovieListService.swift; sourceTree = "<group>"; };
		910C515A21AFFA4C00D8B39D /* Constants.swift */ = {isa = PBXFileReference; lastKnownFileType = sourcecode.swift; path = Constants.swift; sourceTree = "<group>"; };
		910C515C21B1312000D8B39D /* CustomSegmentedControl.swift */ = {isa = PBXFileReference; lastKnownFileType = sourcecode.swift; path = CustomSegmentedControl.swift; sourceTree = "<group>"; };
		911CE09621A6975400EC4BB9 /* AccountVC.swift */ = {isa = PBXFileReference; lastKnownFileType = sourcecode.swift; path = AccountVC.swift; sourceTree = "<group>"; };
		911CE09921A6989300EC4BB9 /* AccountService.swift */ = {isa = PBXFileReference; lastKnownFileType = sourcecode.swift; path = AccountService.swift; sourceTree = "<group>"; };
		911CE0A121A6C4D200EC4BB9 /* TransitionVC.swift */ = {isa = PBXFileReference; lastKnownFileType = sourcecode.swift; path = TransitionVC.swift; sourceTree = "<group>"; };
		911CE0A521A6C5CE00EC4BB9 /* UserVC.swift */ = {isa = PBXFileReference; lastKnownFileType = sourcecode.swift; path = UserVC.swift; sourceTree = "<group>"; };
		911E4A0121A3F048004BE962 /* Cast.swift */ = {isa = PBXFileReference; lastKnownFileType = sourcecode.swift; path = Cast.swift; sourceTree = "<group>"; };
		911E4A0721A3F49E004BE962 /* MovieDetailCell.swift */ = {isa = PBXFileReference; lastKnownFileType = sourcecode.swift; path = MovieDetailCell.swift; sourceTree = "<group>"; };
		911E4A0821A3F49E004BE962 /* MovieDetailCell.xib */ = {isa = PBXFileReference; lastKnownFileType = file.xib; path = MovieDetailCell.xib; sourceTree = "<group>"; };
		911E4A0F21A3F9A0004BE962 /* MovieDetailCollection.swift */ = {isa = PBXFileReference; lastKnownFileType = sourcecode.swift; path = MovieDetailCollection.swift; sourceTree = "<group>"; };
		911E4A1021A3F9A0004BE962 /* MovieDetailCollection.xib */ = {isa = PBXFileReference; lastKnownFileType = file.xib; path = MovieDetailCollection.xib; sourceTree = "<group>"; };
		911E4A1321A3FA21004BE962 /* MovieDetailCollectionCell.swift */ = {isa = PBXFileReference; lastKnownFileType = sourcecode.swift; path = MovieDetailCollectionCell.swift; sourceTree = "<group>"; };
		911E4A1421A3FA21004BE962 /* MovieDetailCollectionCell.xib */ = {isa = PBXFileReference; lastKnownFileType = file.xib; path = MovieDetailCollectionCell.xib; sourceTree = "<group>"; };
		915667E621928F2B004AF88A /* Movie.swift */ = {isa = PBXFileReference; lastKnownFileType = sourcecode.swift; path = Movie.swift; sourceTree = "<group>"; };
		915667E82192D7CD004AF88A /* MainTabBarViewController.swift */ = {isa = PBXFileReference; lastKnownFileType = sourcecode.swift; path = MainTabBarViewController.swift; sourceTree = "<group>"; };
		915667EA2192E925004AF88A /* Genre.swift */ = {isa = PBXFileReference; lastKnownFileType = sourcecode.swift; path = Genre.swift; sourceTree = "<group>"; };
		915667EC2193E1FB004AF88A /* GenresVC.swift */ = {isa = PBXFileReference; lastKnownFileType = sourcecode.swift; path = GenresVC.swift; sourceTree = "<group>"; };
		915667EE2193E27D004AF88A /* GenreCell.swift */ = {isa = PBXFileReference; lastKnownFileType = sourcecode.swift; path = GenreCell.swift; sourceTree = "<group>"; };
		915667EF2193E27D004AF88A /* GenreCell.xib */ = {isa = PBXFileReference; lastKnownFileType = file.xib; path = GenreCell.xib; sourceTree = "<group>"; };
		915667F2219419ED004AF88A /* MoviesByGenresVC.swift */ = {isa = PBXFileReference; lastKnownFileType = sourcecode.swift; path = MoviesByGenresVC.swift; sourceTree = "<group>"; };
		915667F421941B15004AF88A /* MovieGenresCell.swift */ = {isa = PBXFileReference; lastKnownFileType = sourcecode.swift; path = MovieGenresCell.swift; sourceTree = "<group>"; };
		915667F521941B15004AF88A /* MovieGenresCell.xib */ = {isa = PBXFileReference; lastKnownFileType = file.xib; path = MovieGenresCell.xib; sourceTree = "<group>"; };
		915667F821942880004AF88A /* MovieDetailVC.swift */ = {isa = PBXFileReference; lastKnownFileType = sourcecode.swift; path = MovieDetailVC.swift; sourceTree = "<group>"; };
		916E07C621AD0C5A00FAE71F /* TMDbAppData.xcdatamodel */ = {isa = PBXFileReference; lastKnownFileType = wrapper.xcdatamodel; path = TMDbAppData.xcdatamodel; sourceTree = "<group>"; };
		91ADDE4C21ABB374008A9DC4 /* UserCollectionView.swift */ = {isa = PBXFileReference; lastKnownFileType = sourcecode.swift; path = UserCollectionView.swift; sourceTree = "<group>"; };
		91ADDE4D21ABB374008A9DC4 /* UserCollectionView.xib */ = {isa = PBXFileReference; lastKnownFileType = file.xib; path = UserCollectionView.xib; sourceTree = "<group>"; };
		91ADDE5021ABB393008A9DC4 /* UserCollectionViewCell.swift */ = {isa = PBXFileReference; lastKnownFileType = sourcecode.swift; path = UserCollectionViewCell.swift; sourceTree = "<group>"; };
		91ADDE5121ABB393008A9DC4 /* UserCollectionViewCell.xib */ = {isa = PBXFileReference; lastKnownFileType = file.xib; path = UserCollectionViewCell.xib; sourceTree = "<group>"; };
		91ADDE5421ABBE0E008A9DC4 /* FavoriteMoviesVC.swift */ = {isa = PBXFileReference; lastKnownFileType = sourcecode.swift; path = FavoriteMoviesVC.swift; sourceTree = "<group>"; };
		91D0A50C21A6CC0A002B1409 /* AccountAuthorizationCell.swift */ = {isa = PBXFileReference; lastKnownFileType = sourcecode.swift; path = AccountAuthorizationCell.swift; sourceTree = "<group>"; };
		91D0A50D21A6CC0A002B1409 /* AccountAuthorizationCell.xib */ = {isa = PBXFileReference; lastKnownFileType = file.xib; path = AccountAuthorizationCell.xib; sourceTree = "<group>"; };
		91D0A51021A6CC21002B1409 /* AccountRegisterCell.swift */ = {isa = PBXFileReference; lastKnownFileType = sourcecode.swift; path = AccountRegisterCell.swift; sourceTree = "<group>"; };
		91D0A51121A6CC21002B1409 /* AccountRegisterCell.xib */ = {isa = PBXFileReference; lastKnownFileType = file.xib; path = AccountRegisterCell.xib; sourceTree = "<group>"; };
		91D0A51421A6CD8F002B1409 /* RoundedButton.swift */ = {isa = PBXFileReference; lastKnownFileType = sourcecode.swift; path = RoundedButton.swift; sourceTree = "<group>"; };
		91D0A51621A6DD39002B1409 /* Account.swift */ = {isa = PBXFileReference; lastKnownFileType = sourcecode.swift; path = Account.swift; sourceTree = "<group>"; };
		91D0A51921A7F37C002B1409 /* AccountRegisterWebCell.swift */ = {isa = PBXFileReference; lastKnownFileType = sourcecode.swift; path = AccountRegisterWebCell.swift; sourceTree = "<group>"; };
		91D0A51A21A7F37C002B1409 /* AccountRegisterWebCell.xib */ = {isa = PBXFileReference; lastKnownFileType = file.xib; path = AccountRegisterWebCell.xib; sourceTree = "<group>"; };
		91D0A51D21A80E5C002B1409 /* CapitalizeFirstLetter.swift */ = {isa = PBXFileReference; lastKnownFileType = sourcecode.swift; path = CapitalizeFirstLetter.swift; sourceTree = "<group>"; };
		91D0A52021A8222C002B1409 /* UserCell.swift */ = {isa = PBXFileReference; lastKnownFileType = sourcecode.swift; path = UserCell.swift; sourceTree = "<group>"; };
		91D0A52121A8222C002B1409 /* UserCell.xib */ = {isa = PBXFileReference; lastKnownFileType = file.xib; path = UserCell.xib; sourceTree = "<group>"; };
		91D0A52421A83B28002B1409 /* AvatarPickerVC.swift */ = {isa = PBXFileReference; lastKnownFileType = sourcecode.swift; path = AvatarPickerVC.swift; sourceTree = "<group>"; };
		91D0A52921AA83AD002B1409 /* AvatarPickerCell.swift */ = {isa = PBXFileReference; lastKnownFileType = sourcecode.swift; path = AvatarPickerCell.swift; sourceTree = "<group>"; };
		91D0A52A21AA83AD002B1409 /* AvatarPickerCell.xib */ = {isa = PBXFileReference; lastKnownFileType = file.xib; path = AvatarPickerCell.xib; sourceTree = "<group>"; };
		91D0A52D21AA861A002B1409 /* UserDataService.swift */ = {isa = PBXFileReference; lastKnownFileType = sourcecode.swift; path = UserDataService.swift; sourceTree = "<group>"; };
		B7F3915861C98E2BF1CC5704 /* Pods-TMDb.iOS.debug.xcconfig */ = {isa = PBXFileReference; includeInIndex = 1; lastKnownFileType = text.xcconfig; name = "Pods-TMDb.iOS.debug.xcconfig"; path = "Pods/Target Support Files/Pods-TMDb.iOS/Pods-TMDb.iOS.debug.xcconfig"; sourceTree = "<group>"; };
		EDB81B3D183DC07F7AA11F5D /* Pods-TMDb.iOS.release.xcconfig */ = {isa = PBXFileReference; includeInIndex = 1; lastKnownFileType = text.xcconfig; name = "Pods-TMDb.iOS.release.xcconfig"; path = "Pods/Target Support Files/Pods-TMDb.iOS/Pods-TMDb.iOS.release.xcconfig"; sourceTree = "<group>"; };
/* End PBXFileReference section */

/* Begin PBXFrameworksBuildPhase section */
		910867772191626600A28568 /* Frameworks */ = {
			isa = PBXFrameworksBuildPhase;
			buildActionMask = 2147483647;
			files = (
				0A33C3A0FCC350B6A31206B5 /* Pods_TMDb_iOS.framework in Frameworks */,
			);
			runOnlyForDeploymentPostprocessing = 0;
		};
/* End PBXFrameworksBuildPhase section */

/* Begin PBXGroup section */
		04F61FC26B72915FD409AF84 /* Pods */ = {
			isa = PBXGroup;
			children = (
				B7F3915861C98E2BF1CC5704 /* Pods-TMDb.iOS.debug.xcconfig */,
				EDB81B3D183DC07F7AA11F5D /* Pods-TMDb.iOS.release.xcconfig */,
			);
			name = Pods;
			sourceTree = "<group>";
		};
		3DC027EA2591B30516B73725 /* Frameworks */ = {
			isa = PBXGroup;
			children = (
				18FEBFDB07F696B78D68C0FB /* Pods_TMDb_iOS.framework */,
			);
			name = Frameworks;
			sourceTree = "<group>";
		};
		9104503621A56E440053142F /* ActorDetailCell */ = {
			isa = PBXGroup;
			children = (
				9104503921A575C40053142F /* ActorDetailCell.swift */,
				9104503A21A575C40053142F /* ActorDetailCell.xib */,
			);
			path = ActorDetailCell;
			sourceTree = "<group>";
		};
		910867712191626600A28568 = {
			isa = PBXGroup;
			children = (
				9108677C2191626600A28568 /* TMDb.iOS */,
				9108677B2191626600A28568 /* Products */,
				04F61FC26B72915FD409AF84 /* Pods */,
				3DC027EA2591B30516B73725 /* Frameworks */,
			);
			sourceTree = "<group>";
		};
		9108677B2191626600A28568 /* Products */ = {
			isa = PBXGroup;
			children = (
				9108677A2191626600A28568 /* TMDb.iOS.app */,
			);
			name = Products;
			sourceTree = "<group>";
		};
		9108677C2191626600A28568 /* TMDb.iOS */ = {
			isa = PBXGroup;
			children = (
				910C515921AFFA2D00D8B39D /* Utilities */,
				910867952191A08700A28568 /* Services */,
				91086794219170B400A28568 /* Model */,
				91086793219170AD00A28568 /* View */,
				91086792219170A000A28568 /* Controller */,
				9108677D2191626600A28568 /* AppDelegate.swift */,
				910867812191626600A28568 /* Main.storyboard */,
				910867872191626700A28568 /* Assets.xcassets */,
				910867892191626700A28568 /* LaunchScreen.storyboard */,
				9108678C2191626700A28568 /* Info.plist */,
				916E07C521AD0C5A00FAE71F /* TMDbAppData.xcdatamodeld */,
			);
			path = TMDb.iOS;
			sourceTree = "<group>";
		};
		91086792219170A000A28568 /* Controller */ = {
			isa = PBXGroup;
			children = (
				910867992191B1E400A28568 /* FilmsVC.swift */,
				915667E82192D7CD004AF88A /* MainTabBarViewController.swift */,
				915667EC2193E1FB004AF88A /* GenresVC.swift */,
				915667F2219419ED004AF88A /* MoviesByGenresVC.swift */,
				915667F821942880004AF88A /* MovieDetailVC.swift */,
				9104503421A568F70053142F /* ActorDetailVC.swift */,
				911CE09621A6975400EC4BB9 /* AccountVC.swift */,
				911CE0A121A6C4D200EC4BB9 /* TransitionVC.swift */,
				911CE0A521A6C5CE00EC4BB9 /* UserVC.swift */,
				91D0A52421A83B28002B1409 /* AvatarPickerVC.swift */,
				91ADDE5421ABBE0E008A9DC4 /* FavoriteMoviesVC.swift */,
			);
			path = Controller;
			sourceTree = "<group>";
		};
		91086793219170AD00A28568 /* View */ = {
			isa = PBXGroup;
			children = (
				91D0A52621AA82D5002B1409 /* AvatarPickerCell */,
				91D0A51F21A8220F002B1409 /* UserCell */,
				911CE09821A6977800EC4BB9 /* AccountCell */,
				9104503621A56E440053142F /* ActorDetailCell */,
				911E4A0621A3F470004BE962 /* MovieDetailCell */,
				911E4A0521A3F3C9004BE962 /* MovieGenresCell */,
				911E4A0421A3F3B8004BE962 /* GenreCell */,
				911E4A0321A3F3A5004BE962 /* MovieCell */,
			);
			path = View;
			sourceTree = "<group>";
		};
		91086794219170B400A28568 /* Model */ = {
			isa = PBXGroup;
			children = (
				915667E621928F2B004AF88A /* Movie.swift */,
				915667EA2192E925004AF88A /* Genre.swift */,
				911E4A0121A3F048004BE962 /* Cast.swift */,
				91D0A51621A6DD39002B1409 /* Account.swift */,
			);
			path = Model;
			sourceTree = "<group>";
		};
		910867952191A08700A28568 /* Services */ = {
			isa = PBXGroup;
			children = (
				910867A12191B8FF00A28568 /* MovieListService.swift */,
				9104503721A56E9C0053142F /* ActorListService.swift */,
				911CE09921A6989300EC4BB9 /* AccountService.swift */,
				91D0A52D21AA861A002B1409 /* UserDataService.swift */,
			);
			path = Services;
			sourceTree = "<group>";
		};
		910C515921AFFA2D00D8B39D /* Utilities */ = {
			isa = PBXGroup;
			children = (
				91D0A51D21A80E5C002B1409 /* CapitalizeFirstLetter.swift */,
				9104503221A552CD0053142F /* LoadingIndicator.swift */,
				91D0A51421A6CD8F002B1409 /* RoundedButton.swift */,
				910C515A21AFFA4C00D8B39D /* Constants.swift */,
				910C515C21B1312000D8B39D /* CustomSegmentedControl.swift */,
			);
			path = Utilities;
			sourceTree = "<group>";
		};
		911CE09821A6977800EC4BB9 /* AccountCell */ = {
			isa = PBXGroup;
			children = (
				91D0A50C21A6CC0A002B1409 /* AccountAuthorizationCell.swift */,
				91D0A50D21A6CC0A002B1409 /* AccountAuthorizationCell.xib */,
				91D0A51021A6CC21002B1409 /* AccountRegisterCell.swift */,
				91D0A51121A6CC21002B1409 /* AccountRegisterCell.xib */,
				91D0A51921A7F37C002B1409 /* AccountRegisterWebCell.swift */,
				91D0A51A21A7F37C002B1409 /* AccountRegisterWebCell.xib */,
			);
			path = AccountCell;
			sourceTree = "<group>";
		};
		911E4A0321A3F3A5004BE962 /* MovieCell */ = {
			isa = PBXGroup;
			children = (
				9108679D2191B39000A28568 /* MovieCell.xib */,
				9108679C2191B39000A28568 /* MovieCell.swift */,
			);
			path = MovieCell;
			sourceTree = "<group>";
		};
		911E4A0421A3F3B8004BE962 /* GenreCell */ = {
			isa = PBXGroup;
			children = (
				915667EF2193E27D004AF88A /* GenreCell.xib */,
				915667EE2193E27D004AF88A /* GenreCell.swift */,
			);
			path = GenreCell;
			sourceTree = "<group>";
		};
		911E4A0521A3F3C9004BE962 /* MovieGenresCell */ = {
			isa = PBXGroup;
			children = (
				915667F521941B15004AF88A /* MovieGenresCell.xib */,
				915667F421941B15004AF88A /* MovieGenresCell.swift */,
			);
			path = MovieGenresCell;
			sourceTree = "<group>";
		};
		911E4A0621A3F470004BE962 /* MovieDetailCell */ = {
			isa = PBXGroup;
			children = (
				911E4A0721A3F49E004BE962 /* MovieDetailCell.swift */,
				911E4A0821A3F49E004BE962 /* MovieDetailCell.xib */,
				911E4A0F21A3F9A0004BE962 /* MovieDetailCollection.swift */,
				911E4A1021A3F9A0004BE962 /* MovieDetailCollection.xib */,
				911E4A1321A3FA21004BE962 /* MovieDetailCollectionCell.swift */,
				911E4A1421A3FA21004BE962 /* MovieDetailCollectionCell.xib */,
			);
			path = MovieDetailCell;
			sourceTree = "<group>";
		};
		91D0A51F21A8220F002B1409 /* UserCell */ = {
			isa = PBXGroup;
			children = (
				91D0A52021A8222C002B1409 /* UserCell.swift */,
				91D0A52121A8222C002B1409 /* UserCell.xib */,
				91ADDE4C21ABB374008A9DC4 /* UserCollectionView.swift */,
				91ADDE4D21ABB374008A9DC4 /* UserCollectionView.xib */,
				91ADDE5021ABB393008A9DC4 /* UserCollectionViewCell.swift */,
				91ADDE5121ABB393008A9DC4 /* UserCollectionViewCell.xib */,
			);
			path = UserCell;
			sourceTree = "<group>";
		};
		91D0A52621AA82D5002B1409 /* AvatarPickerCell */ = {
			isa = PBXGroup;
			children = (
				91D0A52921AA83AD002B1409 /* AvatarPickerCell.swift */,
				91D0A52A21AA83AD002B1409 /* AvatarPickerCell.xib */,
			);
			path = AvatarPickerCell;
			sourceTree = "<group>";
		};
/* End PBXGroup section */

/* Begin PBXNativeTarget section */
		910867792191626600A28568 /* TMDb.iOS */ = {
			isa = PBXNativeTarget;
			buildConfigurationList = 9108678F2191626700A28568 /* Build configuration list for PBXNativeTarget "TMDb.iOS" */;
			buildPhases = (
				54D91348F1B3F4F13948941B /* [CP] Check Pods Manifest.lock */,
				910867762191626600A28568 /* Sources */,
				910867772191626600A28568 /* Frameworks */,
				910867782191626600A28568 /* Resources */,
				030581395C33F3E93836BB58 /* [CP] Embed Pods Frameworks */,
			);
			buildRules = (
			);
			dependencies = (
			);
			name = TMDb.iOS;
			productName = TMDb.iOS;
			productReference = 9108677A2191626600A28568 /* TMDb.iOS.app */;
			productType = "com.apple.product-type.application";
		};
/* End PBXNativeTarget section */

/* Begin PBXProject section */
		910867722191626600A28568 /* Project object */ = {
			isa = PBXProject;
			attributes = {
				LastSwiftUpdateCheck = 1000;
				LastUpgradeCheck = 1000;
				ORGANIZATIONNAME = Rauan;
				TargetAttributes = {
					910867792191626600A28568 = {
						CreatedOnToolsVersion = 10.0;
					};
				};
			};
			buildConfigurationList = 910867752191626600A28568 /* Build configuration list for PBXProject "TMDb.iOS" */;
			compatibilityVersion = "Xcode 9.3";
			developmentRegion = en;
			hasScannedForEncodings = 0;
			knownRegions = (
				en,
				Base,
			);
			mainGroup = 910867712191626600A28568;
			productRefGroup = 9108677B2191626600A28568 /* Products */;
			projectDirPath = "";
			projectRoot = "";
			targets = (
				910867792191626600A28568 /* TMDb.iOS */,
			);
		};
/* End PBXProject section */

/* Begin PBXResourcesBuildPhase section */
		910867782191626600A28568 /* Resources */ = {
			isa = PBXResourcesBuildPhase;
			buildActionMask = 2147483647;
			files = (
				91D0A50F21A6CC0A002B1409 /* AccountAuthorizationCell.xib in Resources */,
				9108678B2191626700A28568 /* LaunchScreen.storyboard in Resources */,
				911E4A1621A3FA21004BE962 /* MovieDetailCollectionCell.xib in Resources */,
				9104503C21A575C40053142F /* ActorDetailCell.xib in Resources */,
				91ADDE5321ABB393008A9DC4 /* UserCollectionViewCell.xib in Resources */,
				911E4A1221A3F9A0004BE962 /* MovieDetailCollection.xib in Resources */,
				910867882191626700A28568 /* Assets.xcassets in Resources */,
				91D0A52321A8222C002B1409 /* UserCell.xib in Resources */,
				911E4A0A21A3F49E004BE962 /* MovieDetailCell.xib in Resources */,
				91D0A52C21AA83AD002B1409 /* AvatarPickerCell.xib in Resources */,
				915667F721941B15004AF88A /* MovieGenresCell.xib in Resources */,
				9108679F2191B39000A28568 /* MovieCell.xib in Resources */,
				91D0A51C21A7F37C002B1409 /* AccountRegisterWebCell.xib in Resources */,
				910867832191626600A28568 /* Main.storyboard in Resources */,
				91ADDE4F21ABB374008A9DC4 /* UserCollectionView.xib in Resources */,
				91D0A51321A6CC21002B1409 /* AccountRegisterCell.xib in Resources */,
				915667F12193E27D004AF88A /* GenreCell.xib in Resources */,
			);
			runOnlyForDeploymentPostprocessing = 0;
		};
/* End PBXResourcesBuildPhase section */

/* Begin PBXShellScriptBuildPhase section */
		030581395C33F3E93836BB58 /* [CP] Embed Pods Frameworks */ = {
			isa = PBXShellScriptBuildPhase;
			buildActionMask = 2147483647;
			files = (
			);
			inputPaths = (
				"${SRCROOT}/Pods/Target Support Files/Pods-TMDb.iOS/Pods-TMDb.iOS-frameworks.sh",
				"${BUILT_PRODUCTS_DIR}/Alamofire/Alamofire.framework",
				"${BUILT_PRODUCTS_DIR}/KeychainAccess/KeychainAccess.framework",
				"${BUILT_PRODUCTS_DIR}/Moya/Moya.framework",
				"${BUILT_PRODUCTS_DIR}/ObjectMapper/ObjectMapper.framework",
				"${BUILT_PRODUCTS_DIR}/Result/Result.framework",
				"${BUILT_PRODUCTS_DIR}/SDWebImage/SDWebImage.framework",
				"${BUILT_PRODUCTS_DIR}/SwiftyJSON/SwiftyJSON.framework",
			);
			name = "[CP] Embed Pods Frameworks";
			outputPaths = (
				"${TARGET_BUILD_DIR}/${FRAMEWORKS_FOLDER_PATH}/Alamofire.framework",
				"${TARGET_BUILD_DIR}/${FRAMEWORKS_FOLDER_PATH}/KeychainAccess.framework",
				"${TARGET_BUILD_DIR}/${FRAMEWORKS_FOLDER_PATH}/Moya.framework",
				"${TARGET_BUILD_DIR}/${FRAMEWORKS_FOLDER_PATH}/ObjectMapper.framework",
				"${TARGET_BUILD_DIR}/${FRAMEWORKS_FOLDER_PATH}/Result.framework",
				"${TARGET_BUILD_DIR}/${FRAMEWORKS_FOLDER_PATH}/SDWebImage.framework",
				"${TARGET_BUILD_DIR}/${FRAMEWORKS_FOLDER_PATH}/SwiftyJSON.framework",
			);
			runOnlyForDeploymentPostprocessing = 0;
			shellPath = /bin/sh;
			shellScript = "\"${SRCROOT}/Pods/Target Support Files/Pods-TMDb.iOS/Pods-TMDb.iOS-frameworks.sh\"\n";
			showEnvVarsInLog = 0;
		};
		54D91348F1B3F4F13948941B /* [CP] Check Pods Manifest.lock */ = {
			isa = PBXShellScriptBuildPhase;
			buildActionMask = 2147483647;
			files = (
			);
			inputPaths = (
				"${PODS_PODFILE_DIR_PATH}/Podfile.lock",
				"${PODS_ROOT}/Manifest.lock",
			);
			name = "[CP] Check Pods Manifest.lock";
			outputPaths = (
				"$(DERIVED_FILE_DIR)/Pods-TMDb.iOS-checkManifestLockResult.txt",
			);
			runOnlyForDeploymentPostprocessing = 0;
			shellPath = /bin/sh;
			shellScript = "diff \"${PODS_PODFILE_DIR_PATH}/Podfile.lock\" \"${PODS_ROOT}/Manifest.lock\" > /dev/null\nif [ $? != 0 ] ; then\n    # print error to STDERR\n    echo \"error: The sandbox is not in sync with the Podfile.lock. Run 'pod install' or update your CocoaPods installation.\" >&2\n    exit 1\nfi\n# This output is used by Xcode 'outputs' to avoid re-running this script phase.\necho \"SUCCESS\" > \"${SCRIPT_OUTPUT_FILE_0}\"\n";
			showEnvVarsInLog = 0;
		};
/* End PBXShellScriptBuildPhase section */

/* Begin PBXSourcesBuildPhase section */
		910867762191626600A28568 /* Sources */ = {
			isa = PBXSourcesBuildPhase;
			buildActionMask = 2147483647;
			files = (
				915667F621941B15004AF88A /* MovieGenresCell.swift in Sources */,
				911E4A1121A3F9A0004BE962 /* MovieDetailCollection.swift in Sources */,
				9108679A2191B1E400A28568 /* FilmsVC.swift in Sources */,
				911E4A0221A3F048004BE962 /* Cast.swift in Sources */,
				9108677E2191626600A28568 /* AppDelegate.swift in Sources */,
				91D0A52B21AA83AD002B1409 /* AvatarPickerCell.swift in Sources */,
				91D0A52521A83B28002B1409 /* AvatarPickerVC.swift in Sources */,
				9104503321A552CD0053142F /* LoadingIndicator.swift in Sources */,
				910867A22191B8FF00A28568 /* MovieListService.swift in Sources */,
				91D0A51B21A7F37C002B1409 /* AccountRegisterWebCell.swift in Sources */,
				9104503521A568F70053142F /* ActorDetailVC.swift in Sources */,
				915667F02193E27D004AF88A /* GenreCell.swift in Sources */,
				91D0A52E21AA861A002B1409 /* UserDataService.swift in Sources */,
				915667F921942880004AF88A /* MovieDetailVC.swift in Sources */,
				91ADDE4E21ABB374008A9DC4 /* UserCollectionView.swift in Sources */,
				915667E92192D7CD004AF88A /* MainTabBarViewController.swift in Sources */,
				916E07C721AD0C5A00FAE71F /* TMDbAppData.xcdatamodeld in Sources */,
				911E4A1521A3FA21004BE962 /* MovieDetailCollectionCell.swift in Sources */,
				91D0A51721A6DD39002B1409 /* Account.swift in Sources */,
				91D0A51521A6CD8F002B1409 /* RoundedButton.swift in Sources */,
				910C515B21AFFA4C00D8B39D /* Constants.swift in Sources */,
				9104503B21A575C40053142F /* ActorDetailCell.swift in Sources */,
				915667ED2193E1FB004AF88A /* GenresVC.swift in Sources */,
				915667F3219419ED004AF88A /* MoviesByGenresVC.swift in Sources */,
				915667E721928F2B004AF88A /* Movie.swift in Sources */,
				91D0A51821A7DC20002B1409 /* AccountRegisterCell.swift in Sources */,
				911CE0A621A6C5CE00EC4BB9 /* UserVC.swift in Sources */,
				9108679E2191B39000A28568 /* MovieCell.swift in Sources */,
				911CE0A221A6C4D200EC4BB9 /* TransitionVC.swift in Sources */,
				911CE09721A6975400EC4BB9 /* AccountVC.swift in Sources */,
				91ADDE5521ABBE0E008A9DC4 /* FavoriteMoviesVC.swift in Sources */,
				915667EB2192E925004AF88A /* Genre.swift in Sources */,
				911CE09A21A6989300EC4BB9 /* AccountService.swift in Sources */,
				9104503821A56E9C0053142F /* ActorListService.swift in Sources */,
				91D0A50E21A6CC0A002B1409 /* AccountAuthorizationCell.swift in Sources */,
				91D0A52221A8222C002B1409 /* UserCell.swift in Sources */,
				91ADDE5221ABB393008A9DC4 /* UserCollectionViewCell.swift in Sources */,
				91D0A51E21A80E5C002B1409 /* CapitalizeFirstLetter.swift in Sources */,
				910C515D21B1312000D8B39D /* CustomSegmentedControl.swift in Sources */,
				911E4A0921A3F49E004BE962 /* MovieDetailCell.swift in Sources */,
			);
			runOnlyForDeploymentPostprocessing = 0;
		};
/* End PBXSourcesBuildPhase section */

/* Begin PBXVariantGroup section */
		910867812191626600A28568 /* Main.storyboard */ = {
			isa = PBXVariantGroup;
			children = (
				910867822191626600A28568 /* Base */,
			);
			name = Main.storyboard;
			sourceTree = "<group>";
		};
		910867892191626700A28568 /* LaunchScreen.storyboard */ = {
			isa = PBXVariantGroup;
			children = (
				9108678A2191626700A28568 /* Base */,
			);
			name = LaunchScreen.storyboard;
			sourceTree = "<group>";
		};
/* End PBXVariantGroup section */

/* Begin XCBuildConfiguration section */
		9108678D2191626700A28568 /* Debug */ = {
			isa = XCBuildConfiguration;
			buildSettings = {
				ALWAYS_SEARCH_USER_PATHS = NO;
				CLANG_ANALYZER_NONNULL = YES;
				CLANG_ANALYZER_NUMBER_OBJECT_CONVERSION = YES_AGGRESSIVE;
				CLANG_CXX_LANGUAGE_STANDARD = "gnu++14";
				CLANG_CXX_LIBRARY = "libc++";
				CLANG_ENABLE_MODULES = YES;
				CLANG_ENABLE_OBJC_ARC = YES;
				CLANG_ENABLE_OBJC_WEAK = YES;
				CLANG_WARN_BLOCK_CAPTURE_AUTORELEASING = YES;
				CLANG_WARN_BOOL_CONVERSION = YES;
				CLANG_WARN_COMMA = YES;
				CLANG_WARN_CONSTANT_CONVERSION = YES;
				CLANG_WARN_DEPRECATED_OBJC_IMPLEMENTATIONS = YES;
				CLANG_WARN_DIRECT_OBJC_ISA_USAGE = YES_ERROR;
				CLANG_WARN_DOCUMENTATION_COMMENTS = YES;
				CLANG_WARN_EMPTY_BODY = YES;
				CLANG_WARN_ENUM_CONVERSION = YES;
				CLANG_WARN_INFINITE_RECURSION = YES;
				CLANG_WARN_INT_CONVERSION = YES;
				CLANG_WARN_NON_LITERAL_NULL_CONVERSION = YES;
				CLANG_WARN_OBJC_IMPLICIT_RETAIN_SELF = YES;
				CLANG_WARN_OBJC_LITERAL_CONVERSION = YES;
				CLANG_WARN_OBJC_ROOT_CLASS = YES_ERROR;
				CLANG_WARN_RANGE_LOOP_ANALYSIS = YES;
				CLANG_WARN_STRICT_PROTOTYPES = YES;
				CLANG_WARN_SUSPICIOUS_MOVE = YES;
				CLANG_WARN_UNGUARDED_AVAILABILITY = YES_AGGRESSIVE;
				CLANG_WARN_UNREACHABLE_CODE = YES;
				CLANG_WARN__DUPLICATE_METHOD_MATCH = YES;
				CODE_SIGN_IDENTITY = "iPhone Developer";
				COPY_PHASE_STRIP = NO;
				DEBUG_INFORMATION_FORMAT = dwarf;
				ENABLE_STRICT_OBJC_MSGSEND = YES;
				ENABLE_TESTABILITY = YES;
				GCC_C_LANGUAGE_STANDARD = gnu11;
				GCC_DYNAMIC_NO_PIC = NO;
				GCC_NO_COMMON_BLOCKS = YES;
				GCC_OPTIMIZATION_LEVEL = 0;
				GCC_PREPROCESSOR_DEFINITIONS = (
					"DEBUG=1",
					"$(inherited)",
				);
				GCC_WARN_64_TO_32_BIT_CONVERSION = YES;
				GCC_WARN_ABOUT_RETURN_TYPE = YES_ERROR;
				GCC_WARN_UNDECLARED_SELECTOR = YES;
				GCC_WARN_UNINITIALIZED_AUTOS = YES_AGGRESSIVE;
				GCC_WARN_UNUSED_FUNCTION = YES;
				GCC_WARN_UNUSED_VARIABLE = YES;
				IPHONEOS_DEPLOYMENT_TARGET = 12.0;
				MTL_ENABLE_DEBUG_INFO = INCLUDE_SOURCE;
				MTL_FAST_MATH = YES;
				ONLY_ACTIVE_ARCH = YES;
				SDKROOT = iphoneos;
				SWIFT_ACTIVE_COMPILATION_CONDITIONS = DEBUG;
				SWIFT_OPTIMIZATION_LEVEL = "-Onone";
			};
			name = Debug;
		};
		9108678E2191626700A28568 /* Release */ = {
			isa = XCBuildConfiguration;
			buildSettings = {
				ALWAYS_SEARCH_USER_PATHS = NO;
				CLANG_ANALYZER_NONNULL = YES;
				CLANG_ANALYZER_NUMBER_OBJECT_CONVERSION = YES_AGGRESSIVE;
				CLANG_CXX_LANGUAGE_STANDARD = "gnu++14";
				CLANG_CXX_LIBRARY = "libc++";
				CLANG_ENABLE_MODULES = YES;
				CLANG_ENABLE_OBJC_ARC = YES;
				CLANG_ENABLE_OBJC_WEAK = YES;
				CLANG_WARN_BLOCK_CAPTURE_AUTORELEASING = YES;
				CLANG_WARN_BOOL_CONVERSION = YES;
				CLANG_WARN_COMMA = YES;
				CLANG_WARN_CONSTANT_CONVERSION = YES;
				CLANG_WARN_DEPRECATED_OBJC_IMPLEMENTATIONS = YES;
				CLANG_WARN_DIRECT_OBJC_ISA_USAGE = YES_ERROR;
				CLANG_WARN_DOCUMENTATION_COMMENTS = YES;
				CLANG_WARN_EMPTY_BODY = YES;
				CLANG_WARN_ENUM_CONVERSION = YES;
				CLANG_WARN_INFINITE_RECURSION = YES;
				CLANG_WARN_INT_CONVERSION = YES;
				CLANG_WARN_NON_LITERAL_NULL_CONVERSION = YES;
				CLANG_WARN_OBJC_IMPLICIT_RETAIN_SELF = YES;
				CLANG_WARN_OBJC_LITERAL_CONVERSION = YES;
				CLANG_WARN_OBJC_ROOT_CLASS = YES_ERROR;
				CLANG_WARN_RANGE_LOOP_ANALYSIS = YES;
				CLANG_WARN_STRICT_PROTOTYPES = YES;
				CLANG_WARN_SUSPICIOUS_MOVE = YES;
				CLANG_WARN_UNGUARDED_AVAILABILITY = YES_AGGRESSIVE;
				CLANG_WARN_UNREACHABLE_CODE = YES;
				CLANG_WARN__DUPLICATE_METHOD_MATCH = YES;
				CODE_SIGN_IDENTITY = "iPhone Developer";
				COPY_PHASE_STRIP = NO;
				DEBUG_INFORMATION_FORMAT = "dwarf-with-dsym";
				ENABLE_NS_ASSERTIONS = NO;
				ENABLE_STRICT_OBJC_MSGSEND = YES;
				GCC_C_LANGUAGE_STANDARD = gnu11;
				GCC_NO_COMMON_BLOCKS = YES;
				GCC_WARN_64_TO_32_BIT_CONVERSION = YES;
				GCC_WARN_ABOUT_RETURN_TYPE = YES_ERROR;
				GCC_WARN_UNDECLARED_SELECTOR = YES;
				GCC_WARN_UNINITIALIZED_AUTOS = YES_AGGRESSIVE;
				GCC_WARN_UNUSED_FUNCTION = YES;
				GCC_WARN_UNUSED_VARIABLE = YES;
				IPHONEOS_DEPLOYMENT_TARGET = 12.0;
				MTL_ENABLE_DEBUG_INFO = NO;
				MTL_FAST_MATH = YES;
				SDKROOT = iphoneos;
				SWIFT_COMPILATION_MODE = wholemodule;
				SWIFT_OPTIMIZATION_LEVEL = "-O";
				VALIDATE_PRODUCT = YES;
			};
			name = Release;
		};
		910867902191626700A28568 /* Debug */ = {
			isa = XCBuildConfiguration;
			baseConfigurationReference = B7F3915861C98E2BF1CC5704 /* Pods-TMDb.iOS.debug.xcconfig */;
			buildSettings = {
				ASSETCATALOG_COMPILER_APPICON_NAME = AppIcon;
				CODE_SIGN_STYLE = Automatic;
				INFOPLIST_FILE = TMDb.iOS/Info.plist;
				LD_RUNPATH_SEARCH_PATHS = (
					"$(inherited)",
					"@executable_path/Frameworks",
				);
				PRODUCT_BUNDLE_IDENTIFIER = "com.example.TMDb-iOS";
				PRODUCT_NAME = "$(TARGET_NAME)";
				SWIFT_VERSION = 4.2;
				TARGETED_DEVICE_FAMILY = "1,2";
			};
			name = Debug;
		};
		910867912191626700A28568 /* Release */ = {
			isa = XCBuildConfiguration;
			baseConfigurationReference = EDB81B3D183DC07F7AA11F5D /* Pods-TMDb.iOS.release.xcconfig */;
			buildSettings = {
				ASSETCATALOG_COMPILER_APPICON_NAME = AppIcon;
				CODE_SIGN_STYLE = Automatic;
				INFOPLIST_FILE = TMDb.iOS/Info.plist;
				LD_RUNPATH_SEARCH_PATHS = (
					"$(inherited)",
					"@executable_path/Frameworks",
				);
				PRODUCT_BUNDLE_IDENTIFIER = "com.example.TMDb-iOS";
				PRODUCT_NAME = "$(TARGET_NAME)";
				SWIFT_VERSION = 4.2;
				TARGETED_DEVICE_FAMILY = "1,2";
			};
			name = Release;
		};
/* End XCBuildConfiguration section */

/* Begin XCConfigurationList section */
		910867752191626600A28568 /* Build configuration list for PBXProject "TMDb.iOS" */ = {
			isa = XCConfigurationList;
			buildConfigurations = (
				9108678D2191626700A28568 /* Debug */,
				9108678E2191626700A28568 /* Release */,
			);
			defaultConfigurationIsVisible = 0;
			defaultConfigurationName = Release;
		};
		9108678F2191626700A28568 /* Build configuration list for PBXNativeTarget "TMDb.iOS" */ = {
			isa = XCConfigurationList;
			buildConfigurations = (
				910867902191626700A28568 /* Debug */,
				910867912191626700A28568 /* Release */,
			);
			defaultConfigurationIsVisible = 0;
			defaultConfigurationName = Release;
		};
/* End XCConfigurationList section */

/* Begin XCVersionGroup section */
		916E07C521AD0C5A00FAE71F /* TMDbAppData.xcdatamodeld */ = {
			isa = XCVersionGroup;
			children = (
				916E07C621AD0C5A00FAE71F /* TMDbAppData.xcdatamodel */,
			);
			currentVersion = 916E07C621AD0C5A00FAE71F /* TMDbAppData.xcdatamodel */;
			path = TMDbAppData.xcdatamodeld;
			sourceTree = "<group>";
			versionGroupType = wrapper.xcdatamodel;
		};
/* End XCVersionGroup section */
	};
	rootObject = 910867722191626600A28568 /* Project object */;
}
